// !$*UTF8*$!
{
	archiveVersion = 1;
	classes = {
	};
	objectVersion = 50;
	objects = {

/* Begin PBXBuildFile section */
		C1567E622202E46900666F06 /* AppDelegate.swift in Sources */ = {isa = PBXBuildFile; fileRef = C1567E612202E46900666F06 /* AppDelegate.swift */; };
		C1567E642202E46900666F06 /* ViewController.swift in Sources */ = {isa = PBXBuildFile; fileRef = C1567E632202E46900666F06 /* ViewController.swift */; };
		C1567E672202E46900666F06 /* Main.storyboard in Resources */ = {isa = PBXBuildFile; fileRef = C1567E652202E46900666F06 /* Main.storyboard */; };
		C1567E692202E46F00666F06 /* Assets.xcassets in Resources */ = {isa = PBXBuildFile; fileRef = C1567E682202E46F00666F06 /* Assets.xcassets */; };
		C1567E6C2202E46F00666F06 /* LaunchScreen.storyboard in Resources */ = {isa = PBXBuildFile; fileRef = C1567E6A2202E46F00666F06 /* LaunchScreen.storyboard */; };
		C1C487122218506700A73AAA /* PlayAudioViewController.swift in Sources */ = {isa = PBXBuildFile; fileRef = C1C487102218506700A73AAA /* PlayAudioViewController.swift */; };
		C1C4871522196FEB00A73AAA /* PlayAudioExtension.swift in Sources */ = {isa = PBXBuildFile; fileRef = C1C4871422196FEB00A73AAA /* PlayAudioExtension.swift */; };
/* End PBXBuildFile section */

/* Begin PBXFileReference section */
		C1567E5E2202E46900666F06 /* Try saudio.app */ = {isa = PBXFileReference; explicitFileType = wrapper.application; includeInIndex = 0; path = "Try saudio.app"; sourceTree = BUILT_PRODUCTS_DIR; };
		C1567E612202E46900666F06 /* AppDelegate.swift */ = {isa = PBXFileReference; lastKnownFileType = sourcecode.swift; path = AppDelegate.swift; sourceTree = "<group>"; };
		C1567E632202E46900666F06 /* ViewController.swift */ = {isa = PBXFileReference; lastKnownFileType = sourcecode.swift; path = ViewController.swift; sourceTree = "<group>"; };
		C1567E662202E46900666F06 /* Base */ = {isa = PBXFileReference; lastKnownFileType = file.storyboard; name = Base; path = Base.lproj/Main.storyboard; sourceTree = "<group>"; };
		C1567E682202E46F00666F06 /* Assets.xcassets */ = {isa = PBXFileReference; lastKnownFileType = folder.assetcatalog; path = Assets.xcassets; sourceTree = "<group>"; };
		C1567E6B2202E46F00666F06 /* Base */ = {isa = PBXFileReference; lastKnownFileType = file.storyboard; name = Base; path = Base.lproj/LaunchScreen.storyboard; sourceTree = "<group>"; };
		C1567E6D2202E46F00666F06 /* Info.plist */ = {isa = PBXFileReference; lastKnownFileType = text.plist.xml; path = Info.plist; sourceTree = "<group>"; };
		C1C487102218506700A73AAA /* PlayAudioViewController.swift */ = {isa = PBXFileReference; lastKnownFileType = sourcecode.swift; path = PlayAudioViewController.swift; sourceTree = "<group>"; };
		C1C4871422196FEB00A73AAA /* PlayAudioExtension.swift */ = {isa = PBXFileReference; lastKnownFileType = sourcecode.swift; path = PlayAudioExtension.swift; sourceTree = "<group>"; };
/* End PBXFileReference section */

/* Begin PBXFrameworksBuildPhase section */
		C1567E5B2202E46900666F06 /* Frameworks */ = {
			isa = PBXFrameworksBuildPhase;
			buildActionMask = 2147483647;
			files = (
			);
			runOnlyForDeploymentPostprocessing = 0;
		};
/* End PBXFrameworksBuildPhase section */

/* Begin PBXGroup section */
		C1567E552202E46900666F06 = {
			isa = PBXGroup;
			children = (
				C1567E602202E46900666F06 /* Try saudio */,
				C1567E5F2202E46900666F06 /* Products */,
			);
			sourceTree = "<group>";
		};
		C1567E5F2202E46900666F06 /* Products */ = {
			isa = PBXGroup;
			children = (
				C1567E5E2202E46900666F06 /* Try saudio.app */,
			);
			name = Products;
			sourceTree = "<group>";
		};
		C1567E602202E46900666F06 /* Try saudio */ = {
			isa = PBXGroup;
			children = (
				C1567E612202E46900666F06 /* AppDelegate.swift */,
				C1567E632202E46900666F06 /* ViewController.swift */,
				C1C487102218506700A73AAA /* PlayAudioViewController.swift */,
				C1C4871422196FEB00A73AAA /* PlayAudioExtension.swift */,
				C1567E652202E46900666F06 /* Main.storyboard */,
				C1567E682202E46F00666F06 /* Assets.xcassets */,
				C1567E6A2202E46F00666F06 /* LaunchScreen.storyboard */,
				C1567E6D2202E46F00666F06 /* Info.plist */,
			);
			path = "Try saudio";
			sourceTree = "<group>";
		};
/* End PBXGroup section */

/* Begin PBXNativeTarget section */
		C1567E5D2202E46900666F06 /* Try saudio */ = {
			isa = PBXNativeTarget;
			buildConfigurationList = C1567E702202E46F00666F06 /* Build configuration list for PBXNativeTarget "Try saudio" */;
			buildPhases = (
				C1567E5A2202E46900666F06 /* Sources */,
				C1567E5B2202E46900666F06 /* Frameworks */,
				C1567E5C2202E46900666F06 /* Resources */,
			);
			buildRules = (
			);
			dependencies = (
			);
			name = "Try saudio";
			productName = "Try saudio";
			productReference = C1567E5E2202E46900666F06 /* Try saudio.app */;
			productType = "com.apple.product-type.application";
		};
/* End PBXNativeTarget section */

/* Begin PBXProject section */
		C1567E562202E46900666F06 /* Project object */ = {
			isa = PBXProject;
			attributes = {
				LastSwiftUpdateCheck = 1010;
				LastUpgradeCheck = 1010;
				ORGANIZATIONNAME = Viktoria;
				TargetAttributes = {
					C1567E5D2202E46900666F06 = {
						CreatedOnToolsVersion = 10.1;
					};
				};
			};
			buildConfigurationList = C1567E592202E46900666F06 /* Build configuration list for PBXProject "Try saudio" */;
			compatibilityVersion = "Xcode 9.3";
			developmentRegion = en;
			hasScannedForEncodings = 0;
			knownRegions = (
				en,
				Base,
			);
			mainGroup = C1567E552202E46900666F06;
			productRefGroup = C1567E5F2202E46900666F06 /* Products */;
			projectDirPath = "";
			projectRoot = "";
			targets = (
				C1567E5D2202E46900666F06 /* Try saudio */,
			);
		};
/* End PBXProject section */

/* Begin PBXResourcesBuildPhase section */
		C1567E5C2202E46900666F06 /* Resources */ = {
			isa = PBXResourcesBuildPhase;
			buildActionMask = 2147483647;
			files = (
				C1567E6C2202E46F00666F06 /* LaunchScreen.storyboard in Resources */,
				C1567E692202E46F00666F06 /* Assets.xcassets in Resources */,
				C1567E672202E46900666F06 /* Main.storyboard in Resources */,
			);
			runOnlyForDeploymentPostprocessing = 0;
		};
/* End PBXResourcesBuildPhase section */

/* Begin PBXSourcesBuildPhase section */
		C1567E5A2202E46900666F06 /* Sources */ = {
			isa = PBXSourcesBuildPhase;
			buildActionMask = 2147483647;
			files = (
				C1C4871522196FEB00A73AAA /* PlayAudioExtension.swift in Sources */,
				C1567E642202E46900666F06 /* ViewController.swift in Sources */,
				C1567E622202E46900666F06 /* AppDelegate.swift in Sources */,
				C1C487122218506700A73AAA /* PlayAudioViewController.swift in Sources */,
			);
			runOnlyForDeploymentPostprocessing = 0;
		};
/* End PBXSourcesBuildPhase section */

/* Begin PBXVariantGroup section */
		C1567E652202E46900666F06 /* Main.storyboard */ = {
			isa = PBXVariantGroup;
			children = (
				C1567E662202E46900666F06 /* Base */,
			);
			name = Main.storyboard;
			sourceTree = "<group>";
		};
		C1567E6A2202E46F00666F06 /* LaunchScreen.storyboard */ = {
			isa = PBXVariantGroup;
			children = (
				C1567E6B2202E46F00666F06 /* Base */,
			);
			name = LaunchScreen.storyboard;
			sourceTree = "<group>";
		};
/* End PBXVariantGroup section */

/* Begin XCBuildConfiguration section */
		C1567E6E2202E46F00666F06 /* Debug */ = {
			isa = XCBuildConfiguration;
			buildSettings = {
				ALWAYS_SEARCH_USER_PATHS = NO;
				CLANG_ANALYZER_NONNULL = YES;
				CLANG_ANALYZER_NUMBER_OBJECT_CONVERSION = YES_AGGRESSIVE;
				CLANG_CXX_LANGUAGE_STANDARD = "gnu++14";
				CLANG_CXX_LIBRARY = "libc++";
				CLANG_ENABLE_MODULES = YES;
				CLANG_ENABLE_OBJC_ARC = YES;
				CLANG_ENABLE_OBJC_WEAK = YES;
				CLANG_WARN_BLOCK_CAPTURE_AUTORELEASING = YES;
				CLANG_WARN_BOOL_CONVERSION = YES;
				CLANG_WARN_COMMA = YES;
				CLANG_WARN_CONSTANT_CONVERSION = YES;
				CLANG_WARN_DEPRECATED_OBJC_IMPLEMENTATIONS = YES;
				CLANG_WARN_DIRECT_OBJC_ISA_USAGE = YES_ERROR;
				CLANG_WARN_DOCUMENTATION_COMMENTS = YES;
				CLANG_WARN_EMPTY_BODY = YES;
				CLANG_WARN_ENUM_CONVERSION = YES;
				CLANG_WARN_INFINITE_RECURSION = YES;
				CLANG_WARN_INT_CONVERSION = YES;
				CLANG_WARN_NON_LITERAL_NULL_CONVERSION = YES;
				CLANG_WARN_OBJC_IMPLICIT_RETAIN_SELF = YES;
				CLANG_WARN_OBJC_LITERAL_CONVERSION = YES;
				CLANG_WARN_OBJC_ROOT_CLASS = YES_ERROR;
				CLANG_WARN_RANGE_LOOP_ANALYSIS = YES;
				CLANG_WARN_STRICT_PROTOTYPES = YES;
				CLANG_WARN_SUSPICIOUS_MOVE = YES;
				CLANG_WARN_UNGUARDED_AVAILABILITY = YES_AGGRESSIVE;
				CLANG_WARN_UNREACHABLE_CODE = YES;
				CLANG_WARN__DUPLICATE_METHOD_MATCH = YES;
				CODE_SIGN_IDENTITY = "iPhone Developer";
				COPY_PHASE_STRIP = NO;
				DEBUG_INFORMATION_FORMAT = dwarf;
				ENABLE_STRICT_OBJC_MSGSEND = YES;
				ENABLE_TESTABILITY = YES;
				GCC_C_LANGUAGE_STANDARD = gnu11;
				GCC_DYNAMIC_NO_PIC = NO;
				GCC_NO_COMMON_BLOCKS = YES;
				GCC_OPTIMIZATION_LEVEL = 0;
				GCC_PREPROCESSOR_DEFINITIONS = (
					"DEBUG=1",
					"$(inherited)",
				);
				GCC_WARN_64_TO_32_BIT_CONVERSION = YES;
				GCC_WARN_ABOUT_RETURN_TYPE = YES_ERROR;
				GCC_WARN_UNDECLARED_SELECTOR = YES;
				GCC_WARN_UNINITIALIZED_AUTOS = YES_AGGRESSIVE;
				GCC_WARN_UNUSED_FUNCTION = YES;
				GCC_WARN_UNUSED_VARIABLE = YES;
				IPHONEOS_DEPLOYMENT_TARGET = 12.1;
				MTL_ENABLE_DEBUG_INFO = INCLUDE_SOURCE;
				MTL_FAST_MATH = YES;
				ONLY_ACTIVE_ARCH = YES;
				SDKROOT = iphoneos;
				SWIFT_ACTIVE_COMPILATION_CONDITIONS = DEBUG;
				SWIFT_OPTIMIZATION_LEVEL = "-Onone";
			};
			name = Debug;
		};
		C1567E6F2202E46F00666F06 /* Release */ = {
			isa = XCBuildConfiguration;
			buildSettings = {
				ALWAYS_SEARCH_USER_PATHS = NO;
				CLANG_ANALYZER_NONNULL = YES;
				CLANG_ANALYZER_NUMBER_OBJECT_CONVERSION = YES_AGGRESSIVE;
				CLANG_CXX_LANGUAGE_STANDARD = "gnu++14";
				CLANG_CXX_LIBRARY = "libc++";
				CLANG_ENABLE_MODULES = YES;
				CLANG_ENABLE_OBJC_ARC = YES;
				CLANG_ENABLE_OBJC_WEAK = YES;
				CLANG_WARN_BLOCK_CAPTURE_AUTORELEASING = YES;
				CLANG_WARN_BOOL_CONVERSION = YES;
				CLANG_WARN_COMMA = YES;
				CLANG_WARN_CONSTANT_CONVERSION = YES;
				CLANG_WARN_DEPRECATED_OBJC_IMPLEMENTATIONS = YES;
				CLANG_WARN_DIRECT_OBJC_ISA_USAGE = YES_ERROR;
				CLANG_WARN_DOCUMENTATION_COMMENTS = YES;
				CLANG_WARN_EMPTY_BODY = YES;
				CLANG_WARN_ENUM_CONVERSION = YES;
				CLANG_WARN_INFINITE_RECURSION = YES;
				CLANG_WARN_INT_CONVERSION = YES;
				CLANG_WARN_NON_LITERAL_NULL_CONVERSION = YES;
				CLANG_WARN_OBJC_IMPLICIT_RETAIN_SELF = YES;
				CLANG_WARN_OBJC_LITERAL_CONVERSION = YES;
				CLANG_WARN_OBJC_ROOT_CLASS = YES_ERROR;
				CLANG_WARN_RANGE_LOOP_ANALYSIS = YES;
				CLANG_WARN_STRICT_PROTOTYPES = YES;
				CLANG_WARN_SUSPICIOUS_MOVE = YES;
				CLANG_WARN_UNGUARDED_AVAILABILITY = YES_AGGRESSIVE;
				CLANG_WARN_UNREACHABLE_CODE = YES;
				CLANG_WARN__DUPLICATE_METHOD_MATCH = YES;
				CODE_SIGN_IDENTITY = "iPhone Developer";
				COPY_PHASE_STRIP = NO;
				DEBUG_INFORMATION_FORMAT = "dwarf-with-dsym";
				ENABLE_NS_ASSERTIONS = NO;
				ENABLE_STRICT_OBJC_MSGSEND = YES;
				GCC_C_LANGUAGE_STANDARD = gnu11;
				GCC_NO_COMMON_BLOCKS = YES;
				GCC_WARN_64_TO_32_BIT_CONVERSION = YES;
				GCC_WARN_ABOUT_RETURN_TYPE = YES_ERROR;
				GCC_WARN_UNDECLARED_SELECTOR = YES;
				GCC_WARN_UNINITIALIZED_AUTOS = YES_AGGRESSIVE;
				GCC_WARN_UNUSED_FUNCTION = YES;
				GCC_WARN_UNUSED_VARIABLE = YES;
				IPHONEOS_DEPLOYMENT_TARGET = 12.1;
				MTL_ENABLE_DEBUG_INFO = NO;
				MTL_FAST_MATH = YES;
				SDKROOT = iphoneos;
				SWIFT_COMPILATION_MODE = wholemodule;
				SWIFT_OPTIMIZATION_LEVEL = "-O";
				VALIDATE_PRODUCT = YES;
			};
			name = Release;
		};
		C1567E712202E46F00666F06 /* Debug */ = {
			isa = XCBuildConfiguration;
			buildSettings = {
				ASSETCATALOG_COMPILER_APPICON_NAME = AppIcon;
				CODE_SIGN_STYLE = Automatic;
				INFOPLIST_FILE = "Try saudio/Info.plist";
				LD_RUNPATH_SEARCH_PATHS = (
					"$(inherited)",
					"@executable_path/Frameworks",
				);
				PRODUCT_BUNDLE_IDENTIFIER = "Viktoria.Record-and-Play";
				PRODUCT_NAME = "$(TARGET_NAME)";
				SWIFT_VERSION = 4.2;
				TARGETED_DEVICE_FAMILY = "1,2";
			};
			name = Debug;
		};
		C1567E722202E46F00666F06 /* Release */ = {
			isa = XCBuildConfiguration;
			buildSettings = {
				ASSETCATALOG_COMPILER_APPICON_NAME = AppIcon;
				CODE_SIGN_STYLE = Automatic;
				INFOPLIST_FILE = "Try saudio/Info.plist";
				LD_RUNPATH_SEARCH_PATHS = (
					"$(inherited)",
					"@executable_path/Frameworks",
				);
				PRODUCT_BUNDLE_IDENTIFIER = "Viktoria.Record-and-Play";
				PRODUCT_NAME = "$(TARGET_NAME)";
				SWIFT_VERSION = 4.2;
				TARGETED_DEVICE_FAMILY = "1,2";
			};
			name = Release;
		};
/* End XCBuildConfiguration section */

/* Begin XCConfigurationList section */
		C1567E592202E46900666F06 /* Build configuration list for PBXProject "Try saudio" */ = {
			isa = XCConfigurationList;
			buildConfigurations = (
				C1567E6E2202E46F00666F06 /* Debug */,
				C1567E6F2202E46F00666F06 /* Release */,
			);
			defaultConfigurationIsVisible = 0;
			defaultConfigurationName = Release;
		};
		C1567E702202E46F00666F06 /* Build configuration list for PBXNativeTarget "Try saudio" */ = {
			isa = XCConfigurationList;
			buildConfigurations = (
				C1567E712202E46F00666F06 /* Debug */,
				C1567E722202E46F00666F06 /* Release */,
			);
			defaultConfigurationIsVisible = 0;
			defaultConfigurationName = Release;
		};
/* End XCConfigurationList section */
	};
	rootObject = C1567E562202E46900666F06 /* Project object */;
}
